
Microsoft Visual Studio Solution File, Format Version 12.00
# Visual Studio 15
VisualStudioVersion = 15.0.28307.960
MinimumVisualStudioVersion = 10.0.40219.1
Project("{FAE04EC0-301F-11D3-BF4B-00C04F79EFBC}") = "Swimming Pool Management System", "Swimming Pool Management System.csproj", "{5B18458F-54A7-4018-B7D4-76D213EB2F85}"
EndProject
Global
	GlobalSection(SolutionConfigurationPlatforms) = preSolution
		Debug|Any CPU = Debug|Any CPU
		Release|Any CPU = Release|Any CPU
	EndGlobalSection
	GlobalSection(ProjectConfigurationPlatforms) = postSolution
		{5B18458F-54A7-4018-B7D4-76D213EB2F85}.Debug|Any CPU.ActiveCfg = Debug|Any CPU
		{5B18458F-54A7-4018-B7D4-76D213EB2F85}.Debug|Any CPU.Build.0 = Debug|Any CPU
		{5B18458F-54A7-4018-B7D4-76D213EB2F85}.Release|Any CPU.ActiveCfg = Release|Any CPU
		{5B18458F-54A7-4018-B7D4-76D213EB2F85}.Release|Any CPU.Build.0 = Release|Any CPU
	EndGlobalSection
	GlobalSection(SolutionProperties) = preSolution
		HideSolutionNode = FALSE
	EndGlobalSection
	GlobalSection(ExtensibilityGlobals) = postSolution
		SolutionGuid = {5BAF4832-49B0-44D0-88C2-CB3D447200BE}
	EndGlobalSection
EndGlobal
